{
  "name": "tsc-crash",
  "version": "0.0.1",
  "lockfileVersion": 1,
  "requires": true,
  "dependencies": {
    "@types/video.js": {
      "version": "7.3.10",
      "resolved": "https://registry.npmjs.org/@types/video.js/-/video.js-7.3.10.tgz",
      "integrity": "sha512-RJKdtmUMb8WFDe+btAeBW9NVUJ/nksb+/1S+Tca7HNwnRv9iEwt802hgRSAcFj6+sL/eNi264zcBjbBHP5yQVw==",
      "dev": true
    },
    "typescript": {
      "version": "4.0.2",
      "resolved": "https://registry.npmjs.org/typescript/-/typescript-4.0.2.tgz",
      "integrity": "sha512-e4ERvRV2wb+rRZ/IQeb3jm2VxBsirQLpQhdxplZ2MEzGvDkkMmPglecnNDfSUBivMjP93vRbngYYDQqQ/78bcQ==",
      "dev": true
    }
  }
}
