{
  "name": "tsc-crash",
  "version": "0.0.1",
  "lockfileVersion": 1,
  "requires": true,
  "dependencies": {
    "@types/video.js": {
      "version": "7.3.10",
      "resolved": "https://registry.npmjs.org/@types/video.js/-/video.js-7.3.10.tgz",
      "integrity": "sha512-RJKdtmUMb8WFDe+btAeBW9NVUJ/nksb+/1S+Tca7HNwnRv9iEwt802hgRSAcFj6+sL/eNi264zcBjbBHP5yQVw==",
      "dev": true
    },
    "typescript": {
      "version": "4.1.0-dev.20200826",
      "resolved": "https://registry.npmjs.org/typescript/-/typescript-4.1.0-dev.20200826.tgz",
      "integrity": "sha512-PUT7mgPK24zXnsMrpvZ7tXzQEnTJdSr/5/nu+fPHjM4XqNcn283/hk9d8wLd5PVzpn6SAEl1cL+wQT69gXP82w==",
      "dev": true
    }
  }
}
